
Microsoft Visual Studio Solution File, Format Version 12.00
# Visual Studio Version 17
VisualStudioVersion = 17.11.35327.3
MinimumVisualStudioVersion = 10.0.40219.1
Project("{9A19103F-16F7-4668-BE54-9A1E7A4F7556}") = "FACEIT.Core", "FACEIT.Core\FACEIT.Core.csproj", "{D648966A-7200-4D7F-9BAD-487B6EDA33BD}"
EndProject
Project("{9A19103F-16F7-4668-BE54-9A1E7A4F7556}") = "FACEIT.Console", "FACEIT.Console\FACEIT.Console.csproj", "{3DA465FA-4512-4332-A725-7EA387CB2C60}"
EndProject
Project("{9A19103F-16F7-4668-BE54-9A1E7A4F7556}") = "FACEIT.FaceService", "FACEIT.FaceService\FACEIT.FaceService.csproj", "{0C463DA3-91AA-41DB-B61A-4F7657B458CD}"
EndProject
Project("{9A19103F-16F7-4668-BE54-9A1E7A4F7556}") = "FACEIT.Client", "FACEIT.Client\FACEIT.Client.csproj", "{F271B198-61A4-4A3A-AA9A-E71798DA26B4}"
EndProject
Project("{2150E333-8FDC-42A3-9474-1A3956D46DE8}") = "Tests", "Tests", "{BAD77A3C-79EC-44D3-A59A-DA3C78DF259C}"
EndProject
Project("{FAE04EC0-301F-11D3-BF4B-00C04F79EFBC}") = "FACEIT.Core.Tests", "Tests\FACEIT.Core.Tests\FACEIT.Core.Tests.csproj", "{7A4D3E98-B759-4EE7-86A6-B15A46168F07}"
EndProject
Global
	GlobalSection(SolutionConfigurationPlatforms) = preSolution
		Debug|Any CPU = Debug|Any CPU
		Release|Any CPU = Release|Any CPU
	EndGlobalSection
	GlobalSection(ProjectConfigurationPlatforms) = postSolution
		{D648966A-7200-4D7F-9BAD-487B6EDA33BD}.Debug|Any CPU.ActiveCfg = Debug|Any CPU
		{D648966A-7200-4D7F-9BAD-487B6EDA33BD}.Debug|Any CPU.Build.0 = Debug|Any CPU
		{D648966A-7200-4D7F-9BAD-487B6EDA33BD}.Release|Any CPU.ActiveCfg = Release|Any CPU
		{D648966A-7200-4D7F-9BAD-487B6EDA33BD}.Release|Any CPU.Build.0 = Release|Any CPU
		{3DA465FA-4512-4332-A725-7EA387CB2C60}.Debug|Any CPU.ActiveCfg = Debug|Any CPU
		{3DA465FA-4512-4332-A725-7EA387CB2C60}.Debug|Any CPU.Build.0 = Debug|Any CPU
		{3DA465FA-4512-4332-A725-7EA387CB2C60}.Release|Any CPU.ActiveCfg = Release|Any CPU
		{3DA465FA-4512-4332-A725-7EA387CB2C60}.Release|Any CPU.Build.0 = Release|Any CPU
		{0C463DA3-91AA-41DB-B61A-4F7657B458CD}.Debug|Any CPU.ActiveCfg = Debug|Any CPU
		{0C463DA3-91AA-41DB-B61A-4F7657B458CD}.Debug|Any CPU.Build.0 = Debug|Any CPU
		{0C463DA3-91AA-41DB-B61A-4F7657B458CD}.Release|Any CPU.ActiveCfg = Release|Any CPU
		{0C463DA3-91AA-41DB-B61A-4F7657B458CD}.Release|Any CPU.Build.0 = Release|Any CPU
		{F271B198-61A4-4A3A-AA9A-E71798DA26B4}.Debug|Any CPU.ActiveCfg = Debug|Any CPU
		{F271B198-61A4-4A3A-AA9A-E71798DA26B4}.Debug|Any CPU.Build.0 = Debug|Any CPU
		{F271B198-61A4-4A3A-AA9A-E71798DA26B4}.Release|Any CPU.ActiveCfg = Release|Any CPU
		{F271B198-61A4-4A3A-AA9A-E71798DA26B4}.Release|Any CPU.Build.0 = Release|Any CPU
		{7A4D3E98-B759-4EE7-86A6-B15A46168F07}.Debug|Any CPU.ActiveCfg = Debug|Any CPU
		{7A4D3E98-B759-4EE7-86A6-B15A46168F07}.Debug|Any CPU.Build.0 = Debug|Any CPU
		{7A4D3E98-B759-4EE7-86A6-B15A46168F07}.Release|Any CPU.ActiveCfg = Release|Any CPU
		{7A4D3E98-B759-4EE7-86A6-B15A46168F07}.Release|Any CPU.Build.0 = Release|Any CPU
	EndGlobalSection
	GlobalSection(SolutionProperties) = preSolution
		HideSolutionNode = FALSE
	EndGlobalSection
	GlobalSection(NestedProjects) = preSolution
		{7A4D3E98-B759-4EE7-86A6-B15A46168F07} = {BAD77A3C-79EC-44D3-A59A-DA3C78DF259C}
	EndGlobalSection
	GlobalSection(ExtensibilityGlobals) = postSolution
		SolutionGuid = {D7ED2FC6-E762-4BC1-A632-A35644B040E9}
	EndGlobalSection
EndGlobal
